
Microsoft Visual Studio Solution File, Format Version 12.00
# Visual Studio Version 16
VisualStudioVersion = 16.0.29905.134
MinimumVisualStudioVersion = 10.0.40219.1
Project("{FAE04EC0-301F-11D3-BF4B-00C04F79EFBC}") = "Aufgabe1a", "Aufgabe1a\Aufgabe1a.csproj", "{A40F6B7C-0CA2-4FD0-8D64-CE266D1464FC}"
EndProject
Project("{FAE04EC0-301F-11D3-BF4B-00C04F79EFBC}") = "Aufgabe2b", "Aufgabe1b\Aufgabe2b.csproj", "{F8AA4D5D-7A2B-42AA-8E42-11C9E9CBD271}"
EndProject
Project("{FAE04EC0-301F-11D3-BF4B-00C04F79EFBC}") = "Aufgabe2a", "Aufgabe2a\Aufgabe2a.csproj", "{4DDE3B4A-7A25-4842-B66A-C8E65EE9564F}"
EndProject
Global
	GlobalSection(SolutionConfigurationPlatforms) = preSolution
		Debug|Any CPU = Debug|Any CPU
		Release|Any CPU = Release|Any CPU
	EndGlobalSection
	GlobalSection(ProjectConfigurationPlatforms) = postSolution
		{A40F6B7C-0CA2-4FD0-8D64-CE266D1464FC}.Debug|Any CPU.ActiveCfg = Debug|Any CPU
		{A40F6B7C-0CA2-4FD0-8D64-CE266D1464FC}.Debug|Any CPU.Build.0 = Debug|Any CPU
		{A40F6B7C-0CA2-4FD0-8D64-CE266D1464FC}.Release|Any CPU.ActiveCfg = Release|Any CPU
		{A40F6B7C-0CA2-4FD0-8D64-CE266D1464FC}.Release|Any CPU.Build.0 = Release|Any CPU
		{F8AA4D5D-7A2B-42AA-8E42-11C9E9CBD271}.Debug|Any CPU.ActiveCfg = Debug|Any CPU
		{F8AA4D5D-7A2B-42AA-8E42-11C9E9CBD271}.Debug|Any CPU.Build.0 = Debug|Any CPU
		{F8AA4D5D-7A2B-42AA-8E42-11C9E9CBD271}.Release|Any CPU.ActiveCfg = Release|Any CPU
		{F8AA4D5D-7A2B-42AA-8E42-11C9E9CBD271}.Release|Any CPU.Build.0 = Release|Any CPU
		{4DDE3B4A-7A25-4842-B66A-C8E65EE9564F}.Debug|Any CPU.ActiveCfg = Debug|Any CPU
		{4DDE3B4A-7A25-4842-B66A-C8E65EE9564F}.Debug|Any CPU.Build.0 = Debug|Any CPU
		{4DDE3B4A-7A25-4842-B66A-C8E65EE9564F}.Release|Any CPU.ActiveCfg = Release|Any CPU
		{4DDE3B4A-7A25-4842-B66A-C8E65EE9564F}.Release|Any CPU.Build.0 = Release|Any CPU
	EndGlobalSection
	GlobalSection(SolutionProperties) = preSolution
		HideSolutionNode = FALSE
	EndGlobalSection
	GlobalSection(ExtensibilityGlobals) = postSolution
		SolutionGuid = {3318A88D-A316-45FF-B995-D5AD1333CD44}
	EndGlobalSection
EndGlobal
